# THIS IS AN AUTOGENERATED FILE. DO NOT EDIT THIS FILE DIRECTLY.
# yarn lockfile v1


bobril@*, bobril@^7.0.0:
  version "7.6.2"
  resolved "https://registry.yarnpkg.com/bobril/-/bobril-7.6.2.tgz#86bfe18b4d2be7d0c25ed4deb9753866c514e7a2"

bobx@*:
  version "0.11.0"
  resolved "https://registry.yarnpkg.com/bobx/-/bobx-0.11.0.tgz#2d17bed82b5fab33cec7abf1a5a4b561b9b27aa1"
  dependencies:
    bobril "^7.0.0"

fun-model@6.*:
  version "6.3.0"
  resolved "https://registry.yarnpkg.com/fun-model/-/fun-model-6.3.0.tgz#6c131db6badfc1fdca5a83a98c014c50585e3c15"

moment@^2.10.6:
  version "2.18.1"
  resolved "https://registry.yarnpkg.com/moment/-/moment-2.18.1.tgz#c36193dd3ce1c2eed2adb7c802dbbc77a81b1c0f"

todomvc-app-css@^2.0.6:
  version "2.0.6"
  resolved "https://registry.yarnpkg.com/todomvc-app-css/-/todomvc-app-css-2.0.6.tgz#0b3667c5e189f1568d9a9bf7947ebd928406961d"

todomvc-common@^1.0.2:
  version "1.0.4"
  resolved "https://registry.yarnpkg.com/todomvc-common/-/todomvc-common-1.0.4.tgz#23099af886c2f0525bfd4537e078f12d0074309e"
